
Microsoft Visual Studio Solution File, Format Version 12.00
# Visual Studio Version 17
VisualStudioVersion = 17.14.36603.0 d17.14
MinimumVisualStudioVersion = 10.0.40219.1
Project("{FAE04EC0-301F-11D3-BF4B-00C04F79EFBC}") = "Stage0", "Stage0\Stage0.csproj", "{8A209F37-F860-403B-A454-ADA33572D34E}"
EndProject
Global
	GlobalSection(SolutionConfigurationPlatforms) = preSolution
		Debug|Any CPU = Debug|Any CPU
		Release|Any CPU = Release|Any CPU
	EndGlobalSection
	GlobalSection(ProjectConfigurationPlatforms) = postSolution
		{8A209F37-F860-403B-A454-ADA33572D34E}.Debug|Any CPU.ActiveCfg = Debug|Any CPU
		{8A209F37-F860-403B-A454-ADA33572D34E}.Debug|Any CPU.Build.0 = Debug|Any CPU
		{8A209F37-F860-403B-A454-ADA33572D34E}.Release|Any CPU.ActiveCfg = Release|Any CPU
		{8A209F37-F860-403B-A454-ADA33572D34E}.Release|Any CPU.Build.0 = Release|Any CPU
	EndGlobalSection
	GlobalSection(SolutionProperties) = preSolution
		HideSolutionNode = FALSE
	EndGlobalSection
	GlobalSection(ExtensibilityGlobals) = postSolution
		SolutionGuid = {22201D97-049C-4F8F-9287-869079E3E382}
	EndGlobalSection
EndGlobal
